
Microsoft Visual Studio Solution File, Format Version 12.00
# Visual Studio Version 17
VisualStudioVersion = 17.5.002.0
MinimumVisualStudioVersion = 10.0.40219.1
Project("{9A19103F-16F7-4668-BE54-9A1E7A4F7556}") = "GrpcClient", "GrpcClient\GrpcClient.csproj", "{2504935F-8F28-4240-8DEE-830F0E46B1D2}"
EndProject
Project("{9A19103F-16F7-4668-BE54-9A1E7A4F7556}") = "IntegrationTests", "IntegrationTests\IntegrationTests.csproj", "{15635C6C-B976-43F4-8CDE-D6A9B02A43F4}"
EndProject
Project("{9A19103F-16F7-4668-BE54-9A1E7A4F7556}") = "Backend_dev", "PhotoAlbumApi\Backend_dev.csproj", "{0314E996-6745-4559-A70B-418F850B9D10}"
EndProject
Project("{9A19103F-16F7-4668-BE54-9A1E7A4F7556}") = "PhotoAlbumBlazor", "PhotoAlbumBlazor\PhotoAlbumBlazor.csproj", "{F7649689-8897-4685-A388-28327A81B16C}"
EndProject
Project("{9A19103F-16F7-4668-BE54-9A1E7A4F7556}") = "UnitTests", "UnitTests\UnitTests.csproj", "{FF8BA1D4-3925-4135-9AAF-CCC4E0C23851}"
EndProject
Global
	GlobalSection(SolutionConfigurationPlatforms) = preSolution
		Debug|Any CPU = Debug|Any CPU
		Release|Any CPU = Release|Any CPU
	EndGlobalSection
	GlobalSection(ProjectConfigurationPlatforms) = postSolution
		{2504935F-8F28-4240-8DEE-830F0E46B1D2}.Debug|Any CPU.ActiveCfg = Debug|Any CPU
		{2504935F-8F28-4240-8DEE-830F0E46B1D2}.Debug|Any CPU.Build.0 = Debug|Any CPU
		{2504935F-8F28-4240-8DEE-830F0E46B1D2}.Release|Any CPU.ActiveCfg = Release|Any CPU
		{2504935F-8F28-4240-8DEE-830F0E46B1D2}.Release|Any CPU.Build.0 = Release|Any CPU
		{15635C6C-B976-43F4-8CDE-D6A9B02A43F4}.Debug|Any CPU.ActiveCfg = Debug|Any CPU
		{15635C6C-B976-43F4-8CDE-D6A9B02A43F4}.Debug|Any CPU.Build.0 = Debug|Any CPU
		{15635C6C-B976-43F4-8CDE-D6A9B02A43F4}.Release|Any CPU.ActiveCfg = Release|Any CPU
		{15635C6C-B976-43F4-8CDE-D6A9B02A43F4}.Release|Any CPU.Build.0 = Release|Any CPU
		{0314E996-6745-4559-A70B-418F850B9D10}.Debug|Any CPU.ActiveCfg = Debug|Any CPU
		{0314E996-6745-4559-A70B-418F850B9D10}.Debug|Any CPU.Build.0 = Debug|Any CPU
		{0314E996-6745-4559-A70B-418F850B9D10}.Release|Any CPU.ActiveCfg = Release|Any CPU
		{0314E996-6745-4559-A70B-418F850B9D10}.Release|Any CPU.Build.0 = Release|Any CPU
		{F7649689-8897-4685-A388-28327A81B16C}.Debug|Any CPU.ActiveCfg = Debug|Any CPU
		{F7649689-8897-4685-A388-28327A81B16C}.Debug|Any CPU.Build.0 = Debug|Any CPU
		{F7649689-8897-4685-A388-28327A81B16C}.Release|Any CPU.ActiveCfg = Release|Any CPU
		{F7649689-8897-4685-A388-28327A81B16C}.Release|Any CPU.Build.0 = Release|Any CPU
		{FF8BA1D4-3925-4135-9AAF-CCC4E0C23851}.Debug|Any CPU.ActiveCfg = Debug|Any CPU
		{FF8BA1D4-3925-4135-9AAF-CCC4E0C23851}.Debug|Any CPU.Build.0 = Debug|Any CPU
		{FF8BA1D4-3925-4135-9AAF-CCC4E0C23851}.Release|Any CPU.ActiveCfg = Release|Any CPU
		{FF8BA1D4-3925-4135-9AAF-CCC4E0C23851}.Release|Any CPU.Build.0 = Release|Any CPU
	EndGlobalSection
	GlobalSection(SolutionProperties) = preSolution
		HideSolutionNode = FALSE
	EndGlobalSection
	GlobalSection(ExtensibilityGlobals) = postSolution
		SolutionGuid = {DE5B84E6-7813-4742-A35B-AA05C177C14E}
	EndGlobalSection
EndGlobal
