
Microsoft Visual Studio Solution File, Format Version 12.00
# Visual Studio Version 17
VisualStudioVersion = 17.5.002.0
MinimumVisualStudioVersion = 10.0.40219.1
Project("{9A19103F-16F7-4668-BE54-9A1E7A4F7556}") = "GrpcClient", "GrpcClient\GrpcClient.csproj", "{40EE9DEF-D4DB-4AEF-93F0-1B1585176F51}"
EndProject
Project("{9A19103F-16F7-4668-BE54-9A1E7A4F7556}") = "IntegrationTests", "IntegrationTests\IntegrationTests.csproj", "{FE9AC0F2-DE8F-4C56-A1D8-EE7E0B5B2852}"
EndProject
Project("{9A19103F-16F7-4668-BE54-9A1E7A4F7556}") = "Backend_dev", "PhotoAlbumApi\Backend_dev.csproj", "{26C63601-6603-42F0-A446-4B30C895810C}"
EndProject
Project("{9A19103F-16F7-4668-BE54-9A1E7A4F7556}") = "PhotoAlbumBlazor", "PhotoAlbumBlazor\PhotoAlbumBlazor.csproj", "{5C458E31-2150-4D5F-B492-C1BF860A08AC}"
EndProject
Project("{9A19103F-16F7-4668-BE54-9A1E7A4F7556}") = "UnitTests", "UnitTests\UnitTests.csproj", "{A41C3192-078E-49CA-8442-32FD7E9BF9A1}"
EndProject
Global
	GlobalSection(SolutionConfigurationPlatforms) = preSolution
		Debug|Any CPU = Debug|Any CPU
		Release|Any CPU = Release|Any CPU
	EndGlobalSection
	GlobalSection(ProjectConfigurationPlatforms) = postSolution
		{40EE9DEF-D4DB-4AEF-93F0-1B1585176F51}.Debug|Any CPU.ActiveCfg = Debug|Any CPU
		{40EE9DEF-D4DB-4AEF-93F0-1B1585176F51}.Debug|Any CPU.Build.0 = Debug|Any CPU
		{40EE9DEF-D4DB-4AEF-93F0-1B1585176F51}.Release|Any CPU.ActiveCfg = Release|Any CPU
		{40EE9DEF-D4DB-4AEF-93F0-1B1585176F51}.Release|Any CPU.Build.0 = Release|Any CPU
		{FE9AC0F2-DE8F-4C56-A1D8-EE7E0B5B2852}.Debug|Any CPU.ActiveCfg = Debug|Any CPU
		{FE9AC0F2-DE8F-4C56-A1D8-EE7E0B5B2852}.Debug|Any CPU.Build.0 = Debug|Any CPU
		{FE9AC0F2-DE8F-4C56-A1D8-EE7E0B5B2852}.Release|Any CPU.ActiveCfg = Release|Any CPU
		{FE9AC0F2-DE8F-4C56-A1D8-EE7E0B5B2852}.Release|Any CPU.Build.0 = Release|Any CPU
		{26C63601-6603-42F0-A446-4B30C895810C}.Debug|Any CPU.ActiveCfg = Debug|Any CPU
		{26C63601-6603-42F0-A446-4B30C895810C}.Debug|Any CPU.Build.0 = Debug|Any CPU
		{26C63601-6603-42F0-A446-4B30C895810C}.Release|Any CPU.ActiveCfg = Release|Any CPU
		{26C63601-6603-42F0-A446-4B30C895810C}.Release|Any CPU.Build.0 = Release|Any CPU
		{5C458E31-2150-4D5F-B492-C1BF860A08AC}.Debug|Any CPU.ActiveCfg = Debug|Any CPU
		{5C458E31-2150-4D5F-B492-C1BF860A08AC}.Debug|Any CPU.Build.0 = Debug|Any CPU
		{5C458E31-2150-4D5F-B492-C1BF860A08AC}.Release|Any CPU.ActiveCfg = Release|Any CPU
		{5C458E31-2150-4D5F-B492-C1BF860A08AC}.Release|Any CPU.Build.0 = Release|Any CPU
		{A41C3192-078E-49CA-8442-32FD7E9BF9A1}.Debug|Any CPU.ActiveCfg = Debug|Any CPU
		{A41C3192-078E-49CA-8442-32FD7E9BF9A1}.Debug|Any CPU.Build.0 = Debug|Any CPU
		{A41C3192-078E-49CA-8442-32FD7E9BF9A1}.Release|Any CPU.ActiveCfg = Release|Any CPU
		{A41C3192-078E-49CA-8442-32FD7E9BF9A1}.Release|Any CPU.Build.0 = Release|Any CPU
	EndGlobalSection
	GlobalSection(SolutionProperties) = preSolution
		HideSolutionNode = FALSE
	EndGlobalSection
	GlobalSection(ExtensibilityGlobals) = postSolution
		SolutionGuid = {DE5B84E6-7813-4742-A35B-AA05C177C14E}
	EndGlobalSection
EndGlobal
